
Microsoft Visual Studio Solution File, Format Version 12.00
# Visual Studio Version 17
VisualStudioVersion = 17.0.31903.59
MinimumVisualStudioVersion = 10.0.40219.1
Project("{9A19103F-16F7-4668-BE54-9A1E7A4F7556}") = "Product", "Product.csproj", "{3BFDD078-95B8-4FBF-9E3D-EE776886B19C}"
EndProject
Global
	GlobalSection(SolutionConfigurationPlatforms) = preSolution
		Debug|Any CPU = Debug|Any CPU
		Release|Any CPU = Release|Any CPU
	EndGlobalSection
	GlobalSection(ProjectConfigurationPlatforms) = postSolution
		{3BFDD078-95B8-4FBF-9E3D-EE776886B19C}.Debug|Any CPU.ActiveCfg = Debug|Any CPU
		{3BFDD078-95B8-4FBF-9E3D-EE776886B19C}.Debug|Any CPU.Build.0 = Debug|Any CPU
		{3BFDD078-95B8-4FBF-9E3D-EE776886B19C}.Release|Any CPU.ActiveCfg = Release|Any CPU
		{3BFDD078-95B8-4FBF-9E3D-EE776886B19C}.Release|Any CPU.Build.0 = Release|Any CPU
	EndGlobalSection
	GlobalSection(SolutionProperties) = preSolution
		HideSolutionNode = FALSE
	EndGlobalSection
	GlobalSection(ExtensibilityGlobals) = postSolution
		SolutionGuid = {18DB847E-F0CA-4B2B-841F-D7650E895021}
	EndGlobalSection
EndGlobal
